// !$*UTF8*$!
{
	archiveVersion = 1;
	classes = {
	};
	objectVersion = 50;
	objects = {

/* Begin PBXBuildFile section */
		7265FF262AEEE6280076178B /* SceneDelegate.swift in Sources */ = {isa = PBXBuildFile; fileRef = 7265FF252AEEE6280076178B /* SceneDelegate.swift */; };
		7265FF292AEEEDF40076178B /* MainViewController.swift in Sources */ = {isa = PBXBuildFile; fileRef = 7265FF282AEEEDF40076178B /* MainViewController.swift */; };
		7276E1F92AFCEB3D00280A55 /* StartScene.sks in Resources */ = {isa = PBXBuildFile; fileRef = 7276E1F82AFCEB3D00280A55 /* StartScene.sks */; };
		7276E1FB2AFCEB5400280A55 /* StartScene.swift in Sources */ = {isa = PBXBuildFile; fileRef = 7276E1FA2AFCEB5400280A55 /* StartScene.swift */; };
		72AFF01A265019AE00BECDCB /* AppDelegate.swift in Sources */ = {isa = PBXBuildFile; fileRef = 72AFF019265019AE00BECDCB /* AppDelegate.swift */; };
		72AFF01C265019AE00BECDCB /* GameScene.sks in Resources */ = {isa = PBXBuildFile; fileRef = 72AFF01B265019AE00BECDCB /* GameScene.sks */; };
		72AFF020265019AE00BECDCB /* GameScene.swift in Sources */ = {isa = PBXBuildFile; fileRef = 72AFF01F265019AE00BECDCB /* GameScene.swift */; };
		72AFF022265019AE00BECDCB /* GameViewController.swift in Sources */ = {isa = PBXBuildFile; fileRef = 72AFF021265019AE00BECDCB /* GameViewController.swift */; };
		72AFF027265019B000BECDCB /* Assets.xcassets in Resources */ = {isa = PBXBuildFile; fileRef = 72AFF026265019B000BECDCB /* Assets.xcassets */; };
/* End PBXBuildFile section */

/* Begin PBXFileReference section */
		7212CDC42B0284620015321C /* CoreImage.framework */ = {isa = PBXFileReference; lastKnownFileType = wrapper.framework; name = CoreImage.framework; path = System/Library/Frameworks/CoreImage.framework; sourceTree = SDKROOT; };
		7265FF252AEEE6280076178B /* SceneDelegate.swift */ = {isa = PBXFileReference; lastKnownFileType = sourcecode.swift; path = SceneDelegate.swift; sourceTree = "<group>"; };
		7265FF282AEEEDF40076178B /* MainViewController.swift */ = {isa = PBXFileReference; lastKnownFileType = sourcecode.swift; path = MainViewController.swift; sourceTree = "<group>"; };
		7276E1F82AFCEB3D00280A55 /* StartScene.sks */ = {isa = PBXFileReference; lastKnownFileType = file.sks; path = StartScene.sks; sourceTree = "<group>"; };
		7276E1FA2AFCEB5400280A55 /* StartScene.swift */ = {isa = PBXFileReference; lastKnownFileType = sourcecode.swift; path = StartScene.swift; sourceTree = "<group>"; };
		72AFF016265019AE00BECDCB /* SpriteKitPong.app */ = {isa = PBXFileReference; explicitFileType = wrapper.application; includeInIndex = 0; path = SpriteKitPong.app; sourceTree = BUILT_PRODUCTS_DIR; };
		72AFF019265019AE00BECDCB /* AppDelegate.swift */ = {isa = PBXFileReference; lastKnownFileType = sourcecode.swift; path = AppDelegate.swift; sourceTree = "<group>"; };
		72AFF01B265019AE00BECDCB /* GameScene.sks */ = {isa = PBXFileReference; lastKnownFileType = file.sks; path = GameScene.sks; sourceTree = "<group>"; };
		72AFF01F265019AE00BECDCB /* GameScene.swift */ = {isa = PBXFileReference; lastKnownFileType = sourcecode.swift; path = GameScene.swift; sourceTree = "<group>"; };
		72AFF021265019AE00BECDCB /* GameViewController.swift */ = {isa = PBXFileReference; lastKnownFileType = sourcecode.swift; path = GameViewController.swift; sourceTree = "<group>"; };
		72AFF026265019B000BECDCB /* Assets.xcassets */ = {isa = PBXFileReference; lastKnownFileType = folder.assetcatalog; path = Assets.xcassets; sourceTree = "<group>"; };
		72AFF028265019B000BECDCB /* Info.plist */ = {isa = PBXFileReference; lastKnownFileType = text.plist.xml; path = Info.plist; sourceTree = "<group>"; };
/* End PBXFileReference section */

/* Begin PBXFrameworksBuildPhase section */
		72AFF013265019AE00BECDCB /* Frameworks */ = {
			isa = PBXFrameworksBuildPhase;
			buildActionMask = 2147483647;
			files = (
			);
			runOnlyForDeploymentPostprocessing = 0;
		};
/* End PBXFrameworksBuildPhase section */

/* Begin PBXGroup section */
		7212CDC32B0284620015321C /* Frameworks */ = {
			isa = PBXGroup;
			children = (
				7212CDC42B0284620015321C /* CoreImage.framework */,
			);
			name = Frameworks;
			sourceTree = "<group>";
		};
		7265FF202AEEE5070076178B /* Sources */ = {
			isa = PBXGroup;
			children = (
				7265FF242AEEE5FB0076178B /* Entry point */,
				7265FF272AEEEDA40076178B /* MainScreen */,
				7265FF222AEEE5D40076178B /* Scenes */,
			);
			path = Sources;
			sourceTree = "<group>";
		};
		7265FF212AEEE5410076178B /* Resources */ = {
			isa = PBXGroup;
			children = (
				72AFF026265019B000BECDCB /* Assets.xcassets */,
			);
			path = Resources;
			sourceTree = "<group>";
		};
		7265FF222AEEE5D40076178B /* Scenes */ = {
			isa = PBXGroup;
			children = (
				7276E1F72AFCEB2000280A55 /* Start scene */,
				7265FF232AEEE5E80076178B /* Game */,
			);
			path = Scenes;
			sourceTree = "<group>";
		};
		7265FF232AEEE5E80076178B /* Game */ = {
			isa = PBXGroup;
			children = (
				72AFF01B265019AE00BECDCB /* GameScene.sks */,
				72AFF01F265019AE00BECDCB /* GameScene.swift */,
				72AFF021265019AE00BECDCB /* GameViewController.swift */,
			);
			path = Game;
			sourceTree = "<group>";
		};
		7265FF242AEEE5FB0076178B /* Entry point */ = {
			isa = PBXGroup;
			children = (
				72AFF019265019AE00BECDCB /* AppDelegate.swift */,
				7265FF252AEEE6280076178B /* SceneDelegate.swift */,
			);
			path = "Entry point";
			sourceTree = "<group>";
		};
		7265FF272AEEEDA40076178B /* MainScreen */ = {
			isa = PBXGroup;
			children = (
				7265FF282AEEEDF40076178B /* MainViewController.swift */,
			);
			path = MainScreen;
			sourceTree = "<group>";
		};
		7276E1F72AFCEB2000280A55 /* Start scene */ = {
			isa = PBXGroup;
			children = (
				7276E1F82AFCEB3D00280A55 /* StartScene.sks */,
				7276E1FA2AFCEB5400280A55 /* StartScene.swift */,
			);
			path = "Start scene";
			sourceTree = "<group>";
		};
		72AFF00D265019AE00BECDCB = {
			isa = PBXGroup;
			children = (
				72AFF018265019AE00BECDCB /* SpriteKitPong */,
				72AFF017265019AE00BECDCB /* Products */,
				7212CDC32B0284620015321C /* Frameworks */,
			);
			sourceTree = "<group>";
		};
		72AFF017265019AE00BECDCB /* Products */ = {
			isa = PBXGroup;
			children = (
				72AFF016265019AE00BECDCB /* SpriteKitPong.app */,
			);
			name = Products;
			sourceTree = "<group>";
		};
		72AFF018265019AE00BECDCB /* SpriteKitPong */ = {
			isa = PBXGroup;
			children = (
				7265FF202AEEE5070076178B /* Sources */,
				7265FF212AEEE5410076178B /* Resources */,
				72AFF028265019B000BECDCB /* Info.plist */,
			);
			path = SpriteKitPong;
			sourceTree = "<group>";
		};
/* End PBXGroup section */

/* Begin PBXNativeTarget section */
		72AFF015265019AE00BECDCB /* SpriteKitPong */ = {
			isa = PBXNativeTarget;
			buildConfigurationList = 72AFF02B265019B000BECDCB /* Build configuration list for PBXNativeTarget "SpriteKitPong" */;
			buildPhases = (
				72AFF012265019AE00BECDCB /* Sources */,
				72AFF013265019AE00BECDCB /* Frameworks */,
				72AFF014265019AE00BECDCB /* Resources */,
			);
			buildRules = (
			);
			dependencies = (
			);
			name = SpriteKitPong;
			productName = SpriteKitPong;
			productReference = 72AFF016265019AE00BECDCB /* SpriteKitPong.app */;
			productType = "com.apple.product-type.application";
		};
/* End PBXNativeTarget section */

/* Begin PBXProject section */
		72AFF00E265019AE00BECDCB /* Project object */ = {
			isa = PBXProject;
			attributes = {
				LastSwiftUpdateCheck = 1250;
				LastUpgradeCheck = 1250;
				TargetAttributes = {
					72AFF015265019AE00BECDCB = {
						CreatedOnToolsVersion = 12.5;
					};
				};
			};
			buildConfigurationList = 72AFF011265019AE00BECDCB /* Build configuration list for PBXProject "SpriteKitPong" */;
			compatibilityVersion = "Xcode 9.3";
			developmentRegion = en;
			hasScannedForEncodings = 0;
			knownRegions = (
				en,
				Base,
			);
			mainGroup = 72AFF00D265019AE00BECDCB;
			productRefGroup = 72AFF017265019AE00BECDCB /* Products */;
			projectDirPath = "";
			projectRoot = "";
			targets = (
				72AFF015265019AE00BECDCB /* SpriteKitPong */,
			);
		};
/* End PBXProject section */

/* Begin PBXResourcesBuildPhase section */
		72AFF014265019AE00BECDCB /* Resources */ = {
			isa = PBXResourcesBuildPhase;
			buildActionMask = 2147483647;
			files = (
				7276E1F92AFCEB3D00280A55 /* StartScene.sks in Resources */,
				72AFF01C265019AE00BECDCB /* GameScene.sks in Resources */,
				72AFF027265019B000BECDCB /* Assets.xcassets in Resources */,
			);
			runOnlyForDeploymentPostprocessing = 0;
		};
/* End PBXResourcesBuildPhase section */

/* Begin PBXSourcesBuildPhase section */
		72AFF012265019AE00BECDCB /* Sources */ = {
			isa = PBXSourcesBuildPhase;
			buildActionMask = 2147483647;
			files = (
				7265FF292AEEEDF40076178B /* MainViewController.swift in Sources */,
				7276E1FB2AFCEB5400280A55 /* StartScene.swift in Sources */,
				72AFF020265019AE00BECDCB /* GameScene.swift in Sources */,
				72AFF022265019AE00BECDCB /* GameViewController.swift in Sources */,
				72AFF01A265019AE00BECDCB /* AppDelegate.swift in Sources */,
				7265FF262AEEE6280076178B /* SceneDelegate.swift in Sources */,
			);
			runOnlyForDeploymentPostprocessing = 0;
		};
/* End PBXSourcesBuildPhase section */

/* Begin XCBuildConfiguration section */
		72AFF029265019B000BECDCB /* Debug */ = {
			isa = XCBuildConfiguration;
			buildSettings = {
				ALWAYS_SEARCH_USER_PATHS = NO;
				CLANG_ANALYZER_NONNULL = YES;
				CLANG_ANALYZER_NUMBER_OBJECT_CONVERSION = YES_AGGRESSIVE;
				CLANG_CXX_LANGUAGE_STANDARD = "gnu++14";
				CLANG_CXX_LIBRARY = "libc++";
				CLANG_ENABLE_MODULES = YES;
				CLANG_ENABLE_OBJC_ARC = YES;
				CLANG_ENABLE_OBJC_WEAK = YES;
				CLANG_WARN_BLOCK_CAPTURE_AUTORELEASING = YES;
				CLANG_WARN_BOOL_CONVERSION = YES;
				CLANG_WARN_COMMA = YES;
				CLANG_WARN_CONSTANT_CONVERSION = YES;
				CLANG_WARN_DEPRECATED_OBJC_IMPLEMENTATIONS = YES;
				CLANG_WARN_DIRECT_OBJC_ISA_USAGE = YES_ERROR;
				CLANG_WARN_DOCUMENTATION_COMMENTS = YES;
				CLANG_WARN_EMPTY_BODY = YES;
				CLANG_WARN_ENUM_CONVERSION = YES;
				CLANG_WARN_INFINITE_RECURSION = YES;
				CLANG_WARN_INT_CONVERSION = YES;
				CLANG_WARN_NON_LITERAL_NULL_CONVERSION = YES;
				CLANG_WARN_OBJC_IMPLICIT_RETAIN_SELF = YES;
				CLANG_WARN_OBJC_LITERAL_CONVERSION = YES;
				CLANG_WARN_OBJC_ROOT_CLASS = YES_ERROR;
				CLANG_WARN_QUOTED_INCLUDE_IN_FRAMEWORK_HEADER = YES;
				CLANG_WARN_RANGE_LOOP_ANALYSIS = YES;
				CLANG_WARN_STRICT_PROTOTYPES = YES;
				CLANG_WARN_SUSPICIOUS_MOVE = YES;
				CLANG_WARN_UNGUARDED_AVAILABILITY = YES_AGGRESSIVE;
				CLANG_WARN_UNREACHABLE_CODE = YES;
				CLANG_WARN__DUPLICATE_METHOD_MATCH = YES;
				COPY_PHASE_STRIP = NO;
				DEBUG_INFORMATION_FORMAT = dwarf;
				ENABLE_STRICT_OBJC_MSGSEND = YES;
				ENABLE_TESTABILITY = YES;
				GCC_C_LANGUAGE_STANDARD = gnu11;
				GCC_DYNAMIC_NO_PIC = NO;
				GCC_NO_COMMON_BLOCKS = YES;
				GCC_OPTIMIZATION_LEVEL = 0;
				GCC_PREPROCESSOR_DEFINITIONS = (
					"DEBUG=1",
					"$(inherited)",
				);
				GCC_WARN_64_TO_32_BIT_CONVERSION = YES;
				GCC_WARN_ABOUT_RETURN_TYPE = YES_ERROR;
				GCC_WARN_UNDECLARED_SELECTOR = YES;
				GCC_WARN_UNINITIALIZED_AUTOS = YES_AGGRESSIVE;
				GCC_WARN_UNUSED_FUNCTION = YES;
				GCC_WARN_UNUSED_VARIABLE = YES;
				IPHONEOS_DEPLOYMENT_TARGET = 17.0;
				MTL_ENABLE_DEBUG_INFO = INCLUDE_SOURCE;
				MTL_FAST_MATH = YES;
				ONLY_ACTIVE_ARCH = YES;
				SDKROOT = iphoneos;
				SWIFT_ACTIVE_COMPILATION_CONDITIONS = DEBUG;
				SWIFT_OPTIMIZATION_LEVEL = "-Onone";
			};
			name = Debug;
		};
		72AFF02A265019B000BECDCB /* Release */ = {
			isa = XCBuildConfiguration;
			buildSettings = {
				ALWAYS_SEARCH_USER_PATHS = NO;
				CLANG_ANALYZER_NONNULL = YES;
				CLANG_ANALYZER_NUMBER_OBJECT_CONVERSION = YES_AGGRESSIVE;
				CLANG_CXX_LANGUAGE_STANDARD = "gnu++14";
				CLANG_CXX_LIBRARY = "libc++";
				CLANG_ENABLE_MODULES = YES;
				CLANG_ENABLE_OBJC_ARC = YES;
				CLANG_ENABLE_OBJC_WEAK = YES;
				CLANG_WARN_BLOCK_CAPTURE_AUTORELEASING = YES;
				CLANG_WARN_BOOL_CONVERSION = YES;
				CLANG_WARN_COMMA = YES;
				CLANG_WARN_CONSTANT_CONVERSION = YES;
				CLANG_WARN_DEPRECATED_OBJC_IMPLEMENTATIONS = YES;
				CLANG_WARN_DIRECT_OBJC_ISA_USAGE = YES_ERROR;
				CLANG_WARN_DOCUMENTATION_COMMENTS = YES;
				CLANG_WARN_EMPTY_BODY = YES;
				CLANG_WARN_ENUM_CONVERSION = YES;
				CLANG_WARN_INFINITE_RECURSION = YES;
				CLANG_WARN_INT_CONVERSION = YES;
				CLANG_WARN_NON_LITERAL_NULL_CONVERSION = YES;
				CLANG_WARN_OBJC_IMPLICIT_RETAIN_SELF = YES;
				CLANG_WARN_OBJC_LITERAL_CONVERSION = YES;
				CLANG_WARN_OBJC_ROOT_CLASS = YES_ERROR;
				CLANG_WARN_QUOTED_INCLUDE_IN_FRAMEWORK_HEADER = YES;
				CLANG_WARN_RANGE_LOOP_ANALYSIS = YES;
				CLANG_WARN_STRICT_PROTOTYPES = YES;
				CLANG_WARN_SUSPICIOUS_MOVE = YES;
				CLANG_WARN_UNGUARDED_AVAILABILITY = YES_AGGRESSIVE;
				CLANG_WARN_UNREACHABLE_CODE = YES;
				CLANG_WARN__DUPLICATE_METHOD_MATCH = YES;
				COPY_PHASE_STRIP = NO;
				DEBUG_INFORMATION_FORMAT = "dwarf-with-dsym";
				ENABLE_NS_ASSERTIONS = NO;
				ENABLE_STRICT_OBJC_MSGSEND = YES;
				GCC_C_LANGUAGE_STANDARD = gnu11;
				GCC_NO_COMMON_BLOCKS = YES;
				GCC_WARN_64_TO_32_BIT_CONVERSION = YES;
				GCC_WARN_ABOUT_RETURN_TYPE = YES_ERROR;
				GCC_WARN_UNDECLARED_SELECTOR = YES;
				GCC_WARN_UNINITIALIZED_AUTOS = YES_AGGRESSIVE;
				GCC_WARN_UNUSED_FUNCTION = YES;
				GCC_WARN_UNUSED_VARIABLE = YES;
				IPHONEOS_DEPLOYMENT_TARGET = 17.0;
				MTL_ENABLE_DEBUG_INFO = NO;
				MTL_FAST_MATH = YES;
				SDKROOT = iphoneos;
				SWIFT_COMPILATION_MODE = wholemodule;
				SWIFT_OPTIMIZATION_LEVEL = "-O";
				VALIDATE_PRODUCT = YES;
			};
			name = Release;
		};
		72AFF02C265019B000BECDCB /* Debug */ = {
			isa = XCBuildConfiguration;
			buildSettings = {
				ASSETCATALOG_COMPILER_APPICON_NAME = AppIcon;
				ASSETCATALOG_COMPILER_GLOBAL_ACCENT_COLOR_NAME = AccentColor;
				CODE_SIGN_IDENTITY = "Apple Development";
				CODE_SIGN_STYLE = Automatic;
				DEVELOPMENT_TEAM = T9559G4W45;
				INFOPLIST_FILE = SpriteKitPong/Info.plist;
				IPHONEOS_DEPLOYMENT_TARGET = 17.0;
				LD_RUNPATH_SEARCH_PATHS = (
					"$(inherited)",
					"@executable_path/Frameworks",
				);
				PRODUCT_BUNDLE_IDENTIFIER = com.AntonHryshchuk.SpriteKitPong;
				PRODUCT_NAME = "$(TARGET_NAME)";
				PROVISIONING_PROFILE_SPECIFIER = "";
				SWIFT_VERSION = 5.0;
				TARGETED_DEVICE_FAMILY = "1,2";
			};
			name = Debug;
		};
		72AFF02D265019B000BECDCB /* Release */ = {
			isa = XCBuildConfiguration;
			buildSettings = {
				ASSETCATALOG_COMPILER_APPICON_NAME = AppIcon;
				ASSETCATALOG_COMPILER_GLOBAL_ACCENT_COLOR_NAME = AccentColor;
				CODE_SIGN_IDENTITY = "Apple Development";
				CODE_SIGN_STYLE = Automatic;
				DEVELOPMENT_TEAM = T9559G4W45;
				INFOPLIST_FILE = SpriteKitPong/Info.plist;
				IPHONEOS_DEPLOYMENT_TARGET = 17.0;
				LD_RUNPATH_SEARCH_PATHS = (
					"$(inherited)",
					"@executable_path/Frameworks",
				);
				PRODUCT_BUNDLE_IDENTIFIER = com.AntonHryshchuk.SpriteKitPong;
				PRODUCT_NAME = "$(TARGET_NAME)";
				PROVISIONING_PROFILE_SPECIFIER = "";
				SWIFT_VERSION = 5.0;
				TARGETED_DEVICE_FAMILY = "1,2";
			};
			name = Release;
		};
/* End XCBuildConfiguration section */

/* Begin XCConfigurationList section */
		72AFF011265019AE00BECDCB /* Build configuration list for PBXProject "SpriteKitPong" */ = {
			isa = XCConfigurationList;
			buildConfigurations = (
				72AFF029265019B000BECDCB /* Debug */,
				72AFF02A265019B000BECDCB /* Release */,
			);
			defaultConfigurationIsVisible = 0;
			defaultConfigurationName = Release;
		};
		72AFF02B265019B000BECDCB /* Build configuration list for PBXNativeTarget "SpriteKitPong" */ = {
			isa = XCConfigurationList;
			buildConfigurations = (
				72AFF02C265019B000BECDCB /* Debug */,
				72AFF02D265019B000BECDCB /* Release */,
			);
			defaultConfigurationIsVisible = 0;
			defaultConfigurationName = Release;
		};
/* End XCConfigurationList section */
	};
	rootObject = 72AFF00E265019AE00BECDCB /* Project object */;
}
